PODS:
  - BLECore (4.0.19):
    - BoseLogging (= 4.0.19)
  - BoseGesture (1.1.4):
    - BLECore
    - BoseLogging
    - BoseWearable
  - BoseLogging (4.0.19)
  - BoseWearable (4.0.19):
    - BLECore (= 4.0.19)
    - BoseLogging (= 4.0.19)

DEPENDENCIES:
  - BoseGesture (from `../../`)
  - BoseWearable

SPEC REPOS:
  https://github.com/CocoaPods/Specs.git:
    - BLECore
    - BoseLogging
    - BoseWearable

EXTERNAL SOURCES:
  BoseGesture:
    :path: "../../"

SPEC CHECKSUMS:
  BLECore: a6961dd25ee20282720c0703bcc6c9b54e7bf240
  BoseGesture: e5515950d34ebc250d3cb185dd2463edecf22ee4
  BoseLogging: 4eeb2052286ebc1654f55456a0b90e6649a33430
  BoseWearable: b5bf525f5ef27962a5fd65084ed9412b0816af99

PODFILE CHECKSUM: 23936e74d217fbee58847f2c2b2597811ea978e0

COCOAPODS: 1.8.4
