PODS:
  - BLECore (4.0.23):
    - BoseLogging (= 4.0.23)
  - BoseGesture (1.1.3):
    - BLECore
    - BoseLogging
    - BoseWearable
  - BoseLogging (4.0.23)
  - BoseWearable (4.0.23):
    - BLECore (= 4.0.23)
    - BoseLogging (= 4.0.23)

DEPENDENCIES:
  - BoseGesture (from `../../`)
  - BoseWearable

SPEC REPOS:
  https://github.com/CocoaPods/Specs.git:
    - BLECore
    - BoseLogging
    - BoseWearable

EXTERNAL SOURCES:
  BoseGesture:
    :path: "../../"

SPEC CHECKSUMS:
  BLECore: d215391363530556645465bfe2727a8fb07d5afd
  BoseGesture: a23e3f7b27c102cb4fbce3057156d10d5b2f03c8
  BoseLogging: df9a4d1c093ef1888f769c0e3d9efa564aa7d825
  BoseWearable: cfc18fa37cabbf0dcb0ddf0a0308653333267817

PODFILE CHECKSUM: 23936e74d217fbee58847f2c2b2597811ea978e0

COCOAPODS: 1.8.4
