PODS:
  - BLECore (4.0.19):
    - Logging (= 4.0.19)
  - BoseGesture (1.1.3):
    - BLECore
    - BoseWearable
    - Logging
  - BoseWearable (4.0.19):
    - BLECore (= 4.0.19)
    - Logging (= 4.0.19)
  - Logging (4.0.19)

DEPENDENCIES:
  - BoseGesture (from `../../`)
  - BoseWearable

SPEC REPOS:
  "git@github.com:Bose/BoseWearableSpecs.git":
    - BLECore
    - BoseWearable
    - Logging

EXTERNAL SOURCES:
  BoseGesture:
    :path: "../../"

SPEC CHECKSUMS:
  BLECore: 78e04457a824bf726f9f88b96f8082b831c79176
  BoseGesture: 53c538c523a2b5f57e973e1dedb667a7cf505fde
  BoseWearable: 1b04acfba89c3adf9ae42837680541782118e412
  Logging: e6fe91b9028b0e4227fe6b4444a6b836cec1e832

PODFILE CHECKSUM: 8a7f2caf957c58519939c3aa6bf21f7238485de6

COCOAPODS: 1.8.4
